
Microsoft Visual Studio Solution File, Format Version 12.00
# Visual Studio Version 16
VisualStudioVersion = 16.0.30523.141
MinimumVisualStudioVersion = 10.0.40219.1
Project("{9A19103F-16F7-4668-BE54-9A1E7A4F7556}") = "shoponline.api", "shoponline.api\shoponline.api.csproj", "{206A6F22-B083-4672-8051-C7E620F41908}"
EndProject
Project("{FAE04EC0-301F-11D3-BF4B-00C04F79EFBC}") = "shoponline.Infrastructure", "shoponline.Infrastructure\shoponline.Infrastructure.csproj", "{02C74A9B-C264-48AE-8B76-B993675F22D0}"
EndProject
Project("{FAE04EC0-301F-11D3-BF4B-00C04F79EFBC}") = "shoponline.Core", "shoponline.Core\shoponline.Core.csproj", "{CD2DC6F4-70CB-4C91-AC09-A6CEC31C8A22}"
EndProject
Global
	GlobalSection(SolutionConfigurationPlatforms) = preSolution
		Debug|Any CPU = Debug|Any CPU
		Release|Any CPU = Release|Any CPU
	EndGlobalSection
	GlobalSection(ProjectConfigurationPlatforms) = postSolution
		{206A6F22-B083-4672-8051-C7E620F41908}.Debug|Any CPU.ActiveCfg = Debug|Any CPU
		{206A6F22-B083-4672-8051-C7E620F41908}.Debug|Any CPU.Build.0 = Debug|Any CPU
		{206A6F22-B083-4672-8051-C7E620F41908}.Release|Any CPU.ActiveCfg = Release|Any CPU
		{206A6F22-B083-4672-8051-C7E620F41908}.Release|Any CPU.Build.0 = Release|Any CPU
		{02C74A9B-C264-48AE-8B76-B993675F22D0}.Debug|Any CPU.ActiveCfg = Debug|Any CPU
		{02C74A9B-C264-48AE-8B76-B993675F22D0}.Debug|Any CPU.Build.0 = Debug|Any CPU
		{02C74A9B-C264-48AE-8B76-B993675F22D0}.Release|Any CPU.ActiveCfg = Release|Any CPU
		{02C74A9B-C264-48AE-8B76-B993675F22D0}.Release|Any CPU.Build.0 = Release|Any CPU
		{CD2DC6F4-70CB-4C91-AC09-A6CEC31C8A22}.Debug|Any CPU.ActiveCfg = Debug|Any CPU
		{CD2DC6F4-70CB-4C91-AC09-A6CEC31C8A22}.Debug|Any CPU.Build.0 = Debug|Any CPU
		{CD2DC6F4-70CB-4C91-AC09-A6CEC31C8A22}.Release|Any CPU.ActiveCfg = Release|Any CPU
		{CD2DC6F4-70CB-4C91-AC09-A6CEC31C8A22}.Release|Any CPU.Build.0 = Release|Any CPU
	EndGlobalSection
	GlobalSection(SolutionProperties) = preSolution
		HideSolutionNode = FALSE
	EndGlobalSection
	GlobalSection(ExtensibilityGlobals) = postSolution
		SolutionGuid = {7985C45E-4AD1-4F72-981B-E18C9634D72E}
	EndGlobalSection
EndGlobal
